<?xml version="1.0" encoding="UTF-8"?>
<CONFIG>
  <ProjectOptions>
    <Version Value="12"/>
    <PathDelim Value="\"/>
    <General>
      <SessionStorage Value="InProjectDir"/>
      <Title Value="SmatterPlot"/>
      <Scaled Value="True"/>
      <ResourceType Value="res"/>
      <UseXPManifest Value="True"/>
      <XPManifest>
        <DpiAware Value="True"/>
      </XPManifest>
      <Icon Value="0"/>
    </General>
    <BuildModes>
      <Item Name="Default" Default="True"/>
    </BuildModes>
    <PublishOptions>
      <Version Value="2"/>
      <UseFileFilters Value="True"/>
    </PublishOptions>
    <RunParams>
      <FormatVersion Value="2"/>
    </RunParams>
    <RequiredPackages>
      <Item>
        <PackageName Value="laz_fpspreadsheet"/>
      </Item>
      <Item>
        <PackageName Value="Abbrevia"/>
      </Item>
      <Item>
        <PackageName Value="BGRABitmapPack"/>
      </Item>
      <Item>
        <PackageName Value="TAChartLazarusPkg"/>
      </Item>
      <Item>
        <PackageName Value="LCL"/>
      </Item>
    </RequiredPackages>
    <Units>
      <Unit>
        <Filename Value="SmatterPlot.lpr"/>
        <IsPartOfProject Value="True"/>
      </Unit>
      <Unit>
        <Filename Value="unit4.pas"/>
        <IsPartOfProject Value="True"/>
        <ComponentName Value="Form4"/>
        <HasResources Value="True"/>
        <ResourceBaseClass Value="Form"/>
        <UnitName Value="Unit4"/>
      </Unit>
      <Unit>
        <Filename Value="unit5.pas"/>
        <IsPartOfProject Value="True"/>
        <ComponentName Value="Form5"/>
        <HasResources Value="True"/>
        <ResourceBaseClass Value="Form"/>
        <UnitName Value="Unit5"/>
      </Unit>
      <Unit>
        <Filename Value="unit6.pas"/>
        <IsPartOfProject Value="True"/>
        <ComponentName Value="Form6"/>
        <HasResources Value="True"/>
        <ResourceBaseClass Value="Form"/>
        <UnitName Value="Unit6"/>
      </Unit>
      <Unit>
        <Filename Value="unit7.pas"/>
        <IsPartOfProject Value="True"/>
        <ComponentName Value="Form7"/>
        <HasResources Value="True"/>
        <ResourceBaseClass Value="Form"/>
        <UnitName Value="Unit7"/>
      </Unit>
      <Unit>
        <Filename Value="unit8.pas"/>
        <IsPartOfProject Value="True"/>
        <ComponentName Value="Form8"/>
        <HasResources Value="True"/>
        <ResourceBaseClass Value="Form"/>
        <UnitName Value="Unit8"/>
      </Unit>
      <Unit>
        <Filename Value="unit9.pas"/>
        <IsPartOfProject Value="True"/>
        <ComponentName Value="Form9"/>
        <HasResources Value="True"/>
        <ResourceBaseClass Value="Form"/>
        <UnitName Value="Unit9"/>
      </Unit>
      <Unit>
        <Filename Value="unit10.pas"/>
        <IsPartOfProject Value="True"/>
        <ComponentName Value="Form10"/>
        <HasResources Value="True"/>
        <ResourceBaseClass Value="Form"/>
        <UnitName Value="Unit10"/>
      </Unit>
      <Unit>
        <Filename Value="unit11.pas"/>
        <IsPartOfProject Value="True"/>
        <ComponentName Value="Form11"/>
        <HasResources Value="True"/>
        <ResourceBaseClass Value="Form"/>
        <UnitName Value="Unit11"/>
      </Unit>
      <Unit>
        <Filename Value="unit12.pas"/>
        <IsPartOfProject Value="True"/>
        <ComponentName Value="Form12"/>
        <HasResources Value="True"/>
        <ResourceBaseClass Value="Form"/>
        <UnitName Value="Unit12"/>
      </Unit>
      <Unit>
        <Filename Value="unit13.pas"/>
        <IsPartOfProject Value="True"/>
        <ComponentName Value="Form13"/>
        <HasResources Value="True"/>
        <ResourceBaseClass Value="Form"/>
        <UnitName Value="Unit13"/>
      </Unit>
      <Unit>
        <Filename Value="unit14.pas"/>
        <IsPartOfProject Value="True"/>
        <ComponentName Value="Form14"/>
        <HasResources Value="True"/>
        <ResourceBaseClass Value="Form"/>
        <UnitName Value="Unit14"/>
      </Unit>
      <Unit>
        <Filename Value="unit15.pas"/>
        <IsPartOfProject Value="True"/>
        <ComponentName Value="Form15"/>
        <HasResources Value="True"/>
        <ResourceBaseClass Value="Form"/>
        <UnitName Value="Unit15"/>
      </Unit>
      <Unit>
        <Filename Value="unit16.pas"/>
        <IsPartOfProject Value="True"/>
        <ComponentName Value="Form16"/>
        <HasResources Value="True"/>
        <ResourceBaseClass Value="Form"/>
        <UnitName Value="Unit16"/>
      </Unit>
      <Unit>
        <Filename Value="unit17.pas"/>
        <IsPartOfProject Value="True"/>
        <ComponentName Value="Form17"/>
        <HasResources Value="True"/>
        <ResourceBaseClass Value="Form"/>
        <UnitName Value="Unit17"/>
      </Unit>
      <Unit>
        <Filename Value="unit18.pas"/>
        <IsPartOfProject Value="True"/>
        <ComponentName Value="Form18"/>
        <HasResources Value="True"/>
        <ResourceBaseClass Value="Form"/>
        <UnitName Value="Unit18"/>
      </Unit>
      <Unit>
        <Filename Value="unit19.pas"/>
        <IsPartOfProject Value="True"/>
        <ComponentName Value="Form19"/>
        <HasResources Value="True"/>
        <ResourceBaseClass Value="Form"/>
        <UnitName Value="Unit19"/>
      </Unit>
      <Unit>
        <Filename Value="unit20.pas"/>
        <IsPartOfProject Value="True"/>
        <ComponentName Value="Form20"/>
        <HasResources Value="True"/>
        <ResourceBaseClass Value="Form"/>
        <UnitName Value="Unit20"/>
      </Unit>
      <Unit>
        <Filename Value="unit21.pas"/>
        <IsPartOfProject Value="True"/>
        <ComponentName Value="Form21"/>
        <HasResources Value="True"/>
        <ResourceBaseClass Value="Form"/>
        <UnitName Value="Unit21"/>
      </Unit>
      <Unit>
        <Filename Value="unit22.pas"/>
        <IsPartOfProject Value="True"/>
        <ComponentName Value="Form22"/>
        <HasResources Value="True"/>
        <ResourceBaseClass Value="Form"/>
        <UnitName Value="Unit22"/>
      </Unit>
      <Unit>
        <Filename Value="unit23.pas"/>
        <IsPartOfProject Value="True"/>
        <ComponentName Value="Form23"/>
        <HasResources Value="True"/>
        <ResourceBaseClass Value="Form"/>
        <UnitName Value="Unit23"/>
      </Unit>
      <Unit>
        <Filename Value="unit24.pas"/>
        <IsPartOfProject Value="True"/>
        <ComponentName Value="Form24"/>
        <HasResources Value="True"/>
        <ResourceBaseClass Value="Form"/>
        <UnitName Value="Unit24"/>
      </Unit>
      <Unit>
        <Filename Value="unit25.pas"/>
        <IsPartOfProject Value="True"/>
        <ComponentName Value="Form25"/>
        <HasResources Value="True"/>
        <ResourceBaseClass Value="Form"/>
        <UnitName Value="Unit25"/>
      </Unit>
      <Unit>
        <Filename Value="unit26.pas"/>
        <IsPartOfProject Value="True"/>
        <ComponentName Value="Form26"/>
        <HasResources Value="True"/>
        <ResourceBaseClass Value="Form"/>
        <UnitName Value="Unit26"/>
      </Unit>
      <Unit>
        <Filename Value="unit27.pas"/>
        <IsPartOfProject Value="True"/>
        <ComponentName Value="Form27"/>
        <HasResources Value="True"/>
        <ResourceBaseClass Value="Form"/>
        <UnitName Value="Unit27"/>
      </Unit>
      <Unit>
        <Filename Value="unit28.pas"/>
        <IsPartOfProject Value="True"/>
        <ComponentName Value="Form28"/>
        <HasResources Value="True"/>
        <ResourceBaseClass Value="Form"/>
        <UnitName Value="Unit28"/>
      </Unit>
      <Unit>
        <Filename Value="unit29.pas"/>
        <IsPartOfProject Value="True"/>
        <ComponentName Value="Form29"/>
        <HasResources Value="True"/>
        <ResourceBaseClass Value="Form"/>
        <UnitName Value="Unit29"/>
      </Unit>
      <Unit>
        <Filename Value="unit30.pas"/>
        <IsPartOfProject Value="True"/>
        <ComponentName Value="Form30"/>
        <HasResources Value="True"/>
        <ResourceBaseClass Value="Form"/>
        <UnitName Value="Unit30"/>
      </Unit>
      <Unit>
        <Filename Value="unit31.pas"/>
        <IsPartOfProject Value="True"/>
        <ComponentName Value="Form31"/>
        <HasResources Value="True"/>
        <ResourceBaseClass Value="Form"/>
        <UnitName Value="Unit31"/>
      </Unit>
      <Unit>
        <Filename Value="unit32.pas"/>
        <IsPartOfProject Value="True"/>
        <ComponentName Value="Form32"/>
        <HasResources Value="True"/>
        <ResourceBaseClass Value="Form"/>
        <UnitName Value="Unit32"/>
      </Unit>
      <Unit>
        <Filename Value="unit33.pas"/>
        <IsPartOfProject Value="True"/>
        <ComponentName Value="Form33"/>
        <HasResources Value="True"/>
        <ResourceBaseClass Value="Form"/>
        <UnitName Value="Unit33"/>
      </Unit>
      <Unit>
        <Filename Value="unit34.pas"/>
        <IsPartOfProject Value="True"/>
        <ComponentName Value="Form34"/>
        <HasResources Value="True"/>
        <ResourceBaseClass Value="Form"/>
        <UnitName Value="Unit34"/>
      </Unit>
      <Unit>
        <Filename Value="unit35.pas"/>
        <IsPartOfProject Value="True"/>
        <ComponentName Value="Form35"/>
        <HasResources Value="True"/>
        <ResourceBaseClass Value="Form"/>
        <UnitName Value="Unit35"/>
      </Unit>
    </Units>
  </ProjectOptions>
  <CompilerOptions>
    <Version Value="11"/>
    <PathDelim Value="\"/>
    <Target>
      <Filename Value="SmatterPlot"/>
    </Target>
    <SearchPaths>
      <IncludeFiles Value="$(ProjOutDir)"/>
      <UnitOutputDirectory Value="lib\$(TargetCPU)-$(TargetOS)"/>
    </SearchPaths>
    <Linking>
      <Debugging>
        <DebugInfoType Value="dsDwarf2Set"/>
      </Debugging>
      <Options>
        <Win32>
          <GraphicApplication Value="True"/>
        </Win32>
      </Options>
    </Linking>
  </CompilerOptions>
  <Debugging>
    <Exceptions>
      <Item>
        <Name Value="EAbort"/>
      </Item>
      <Item>
        <Name Value="ECodetoolError"/>
      </Item>
      <Item>
        <Name Value="EFOpenError"/>
      </Item>
    </Exceptions>
  </Debugging>
</CONFIG>
